
Microsoft Visual Studio Solution File, Format Version 12.00
# Visual Studio Version 16
VisualStudioVersion = 16.0.31911.196
MinimumVisualStudioVersion = 10.0.40219.1
Project("{FAE04EC0-301F-11D3-BF4B-00C04F79EFBC}") = "FastfoodTakeAway", "FastfoodTakeAway.csproj", "{ECCC81A1-89AD-4EA2-B3DA-409657DF03EB}"
EndProject
Global
	GlobalSection(SolutionConfigurationPlatforms) = preSolution
		Debug|Any CPU = Debug|Any CPU
		Release|Any CPU = Release|Any CPU
	EndGlobalSection
	GlobalSection(ProjectConfigurationPlatforms) = postSolution
		{ECCC81A1-89AD-4EA2-B3DA-409657DF03EB}.Debug|Any CPU.ActiveCfg = Debug|Any CPU
		{ECCC81A1-89AD-4EA2-B3DA-409657DF03EB}.Debug|Any CPU.Build.0 = Debug|Any CPU
		{ECCC81A1-89AD-4EA2-B3DA-409657DF03EB}.Release|Any CPU.ActiveCfg = Release|Any CPU
		{ECCC81A1-89AD-4EA2-B3DA-409657DF03EB}.Release|Any CPU.Build.0 = Release|Any CPU
	EndGlobalSection
	GlobalSection(SolutionProperties) = preSolution
		HideSolutionNode = FALSE
	EndGlobalSection
	GlobalSection(ExtensibilityGlobals) = postSolution
		SolutionGuid = {0B2597A8-BFCF-4C84-95A7-C3FDDA15BC56}
	EndGlobalSection
EndGlobal
