
Microsoft Visual Studio Solution File, Format Version 12.00
# Visual Studio Version 16
VisualStudioVersion = 16.0.31729.503
MinimumVisualStudioVersion = 10.0.40219.1
Project("{FAE04EC0-301F-11D3-BF4B-00C04F79EFBC}") = "Music disc store", "Music disc store.csproj", "{95A0017D-1E0A-43A2-825B-FBA5883CBB7B}"
EndProject
Global
	GlobalSection(SolutionConfigurationPlatforms) = preSolution
		Debug|Any CPU = Debug|Any CPU
		Release|Any CPU = Release|Any CPU
	EndGlobalSection
	GlobalSection(ProjectConfigurationPlatforms) = postSolution
		{95A0017D-1E0A-43A2-825B-FBA5883CBB7B}.Debug|Any CPU.ActiveCfg = Debug|Any CPU
		{95A0017D-1E0A-43A2-825B-FBA5883CBB7B}.Debug|Any CPU.Build.0 = Debug|Any CPU
		{95A0017D-1E0A-43A2-825B-FBA5883CBB7B}.Release|Any CPU.ActiveCfg = Release|Any CPU
		{95A0017D-1E0A-43A2-825B-FBA5883CBB7B}.Release|Any CPU.Build.0 = Release|Any CPU
	EndGlobalSection
	GlobalSection(SolutionProperties) = preSolution
		HideSolutionNode = FALSE
	EndGlobalSection
	GlobalSection(ExtensibilityGlobals) = postSolution
		SolutionGuid = {038B48E1-EA45-4A75-BEDA-DBB4140D13FA}
	EndGlobalSection
EndGlobal
